[[package]]
name = "appdirs"
version = "1.4.4"
description = "A small Python module for determining appropriate platform-specific dirs, e.g. a \"user data dir\"."
category = "main"
optional = false
python-versions = "*"

[[package]]
name = "attrs"
version = "22.1.0"
description = "Classes Without Boilerplate"
category = "dev"
optional = false
python-versions = ">=3.5"

[package.extras]
dev = ["cloudpickle", "coverage[toml] (>=5.0.2)", "furo", "hypothesis", "mypy (>=0.900,!=0.940)", "pre-commit", "pympler", "pytest (>=4.3.0)", "pytest-mypy-plugins", "sphinx", "sphinx-notfound-page", "zope.interface"]
docs = ["furo", "sphinx", "sphinx-notfound-page", "zope.interface"]
tests = ["cloudpickle", "coverage[toml] (>=5.0.2)", "hypothesis", "mypy (>=0.900,!=0.940)", "pympler", "pytest (>=4.3.0)", "pytest-mypy-plugins", "zope.interface"]
tests_no_zope = ["cloudpickle", "coverage[toml] (>=5.0.2)", "hypothesis", "mypy (>=0.900,!=0.940)", "pympler", "pytest (>=4.3.0)", "pytest-mypy-plugins"]

[[package]]
name = "certifi"
version = "2022.6.15"
description = "Python package for providing Mozilla's CA Bundle."
category = "main"
optional = false
python-versions = ">=3.6"

[[package]]
name = "charset-normalizer"
version = "2.1.1"
description = "The Real First Universal Charset Detector. Open, modern and actively maintained alternative to Chardet."
category = "main"
optional = false
python-versions = ">=3.6.0"

[package.extras]
unicode_backport = ["unicodedata2"]

[[package]]
name = "click"
version = "8.1.3"
description = "Composable command line interface toolkit"
category = "main"
optional = false
python-versions = ">=3.7"

[package.dependencies]
colorama = {version = "*", markers = "platform_system == \"Windows\""}

[[package]]
name = "colorama"
version = "0.4.5"
description = "Cross-platform colored terminal text."
category = "main"
optional = false
python-versions = ">=2.7, !=3.0.*, !=3.1.*, !=3.2.*, !=3.3.*, !=3.4.*"

[[package]]
name = "commonmark"
version = "0.9.1"
description = "Python parser for the CommonMark Markdown spec"
category = "main"
optional = false
python-versions = "*"

[package.extras]
test = ["flake8 (==3.7.8)", "hypothesis (==3.55.3)"]

[[package]]
name = "construct"
version = "2.10.68"
description = "A powerful declarative symmetric parser/builder for binary data"
category = "main"
optional = false
python-versions = ">=3.6"

[package.extras]
extras = ["arrow", "cloudpickle", "enum34", "lz4", "numpy", "ruamel.yaml"]

[[package]]
name = "deepmerge"
version = "1.0.1"
description = "a toolset to deeply merge python dictionaries."
category = "main"
optional = false
python-versions = "*"

[[package]]
name = "grpcio"
version = "1.49.0"
description = "HTTP/2-based RPC framework"
category = "main"
optional = false
python-versions = ">=3.7"

[package.dependencies]
six = ">=1.5.2"

[package.extras]
protobuf = ["grpcio-tools (>=1.49.0)"]

[[package]]
name = "gtfs-realtime-bindings"
version = "0.0.7"
description = "Python classes generated from the GTFS-realtime protocol buffer specification."
category = "main"
optional = false
python-versions = "*"

[package.dependencies]
protobuf = "*"
setuptools = "*"

[[package]]
name = "idna"
version = "3.3"
description = "Internationalized Domain Names in Applications (IDNA)"
category = "main"
optional = false
python-versions = ">=3.5"

[[package]]
name = "iniconfig"
version = "1.1.1"
description = "iniconfig: brain-dead simple config-ini parsing"
category = "dev"
optional = false
python-versions = "*"

[[package]]
name = "packaging"
version = "21.3"
description = "Core utilities for Python packages"
category = "dev"
optional = false
python-versions = ">=3.6"

[package.dependencies]
pyparsing = ">=2.0.2,<3.0.5 || >3.0.5"

[[package]]
name = "pluggy"
version = "1.0.0"
description = "plugin and hook calling mechanisms for python"
category = "dev"
optional = false
python-versions = ">=3.6"

[package.extras]
dev = ["pre-commit", "tox"]
testing = ["pytest", "pytest-benchmark"]

[[package]]
name = "protobuf"
version = "4.21.5"
description = ""
category = "main"
optional = false
python-versions = ">=3.7"

[[package]]
name = "py"
version = "1.11.0"
description = "library with cross-python path, ini-parsing, io, code, log facilities"
category = "dev"
optional = false
python-versions = ">=2.7, !=3.0.*, !=3.1.*, !=3.2.*, !=3.3.*, !=3.4.*"

[[package]]
name = "pyftdi"
version = "0.13.4"
description = "FTDI device driver (pure Python)"
category = "main"
optional = false
python-versions = "*"

[package.dependencies]
pyserial = ">=2.6"
pyusb = ">=1.0.0b1"
six = "*"

[[package]]
name = "pygments"
version = "2.13.0"
description = "Pygments is a syntax highlighting package written in Python."
category = "main"
optional = false
python-versions = ">=3.6"

[package.extras]
plugins = ["importlib-metadata"]

[[package]]
name = "pylibftdi"
version = "0.20.0"
description = "Pythonic interface to FTDI devices using libftdi"
category = "main"
optional = false
python-versions = "*"

[[package]]
name = "pyparsing"
version = "3.0.9"
description = "pyparsing module - Classes and methods to define and execute parsing grammars"
category = "dev"
optional = false
python-versions = ">=3.6.8"

[package.extras]
diagrams = ["jinja2", "railroad-diagrams"]

[[package]]
name = "pyserial"
version = "3.5"
description = "Python Serial Port Extension"
category = "main"
optional = false
python-versions = "*"

[package.extras]
cp2110 = ["hidapi"]

[[package]]
name = "pytest"
version = "7.1.3"
description = "pytest: simple powerful testing with Python"
category = "dev"
optional = false
python-versions = ">=3.7"

[package.dependencies]
attrs = ">=19.2.0"
colorama = {version = "*", markers = "sys_platform == \"win32\""}
iniconfig = "*"
packaging = "*"
pluggy = ">=0.12,<2.0"
py = ">=1.8.2"
tomli = ">=1.0.0"

[package.extras]
testing = ["argcomplete", "hypothesis (>=3.56)", "mock", "nose", "pygments (>=2.7.2)", "requests", "xmlschema"]

[[package]]
name = "pyusb"
version = "1.2.1"
description = "Python USB access module"
category = "main"
optional = false
python-versions = ">=3.6.0"

[[package]]
name = "requests"
version = "2.28.1"
description = "Python HTTP for Humans."
category = "main"
optional = false
python-versions = ">=3.7, <4"

[package.dependencies]
certifi = ">=2017.4.17"
charset-normalizer = ">=2,<3"
idna = ">=2.5,<4"
urllib3 = ">=1.21.1,<1.27"

[package.extras]
socks = ["PySocks (>=1.5.6,!=1.5.7)"]
use_chardet_on_py3 = ["chardet (>=3.0.2,<6)"]

[[package]]
name = "rich"
version = "12.5.1"
description = "Render rich text, tables, progress bars, syntax highlighting, markdown and more to the terminal"
category = "main"
optional = false
python-versions = ">=3.6.3,<4.0.0"

[package.dependencies]
commonmark = ">=0.9.0,<0.10.0"
pygments = ">=2.6.0,<3.0.0"

[package.extras]
jupyter = ["ipywidgets (>=7.5.1,<8.0.0)"]

[[package]]
name = "sbp"
version = "4.7.0"
description = "Python bindings for Swift Binary Protocol"
category = "main"
optional = false
python-versions = "*"

[package.dependencies]
construct = "*"
pyftdi = ">=0.13.4,<0.14.0"
pylibftdi = "*"
pyserial = "*"

[package.extras]
sbp2json = ["pybase64 (>=1.1,<2.0)", "python-rapidjson (>=1.0,<2.0)"]

[[package]]
name = "setuptools"
version = "65.3.0"
description = "Easily download, build, install, upgrade, and uninstall Python packages"
category = "main"
optional = false
python-versions = ">=3.7"

[package.extras]
docs = ["furo", "jaraco.packaging (>=9)", "jaraco.tidelift (>=1.4)", "pygments-github-lexers (==0.0.5)", "rst.linker (>=1.9)", "sphinx", "sphinx-favicon", "sphinx-hoverxref (<2)", "sphinx-inline-tabs", "sphinx-notfound-page (==0.8.3)", "sphinx-reredirects", "sphinxcontrib-towncrier"]
testing = ["build[virtualenv]", "filelock (>=3.4.0)", "flake8 (<5)", "flake8-2020", "ini2toml[lite] (>=0.9)", "jaraco.envs (>=2.2)", "jaraco.path (>=3.2.0)", "mock", "pip (>=19.1)", "pip-run (>=8.8)", "pytest (>=6)", "pytest-black (>=0.3.7)", "pytest-checkdocs (>=2.4)", "pytest-cov", "pytest-enabler (>=1.3)", "pytest-flake8", "pytest-mypy (>=0.9.1)", "pytest-perf", "pytest-xdist", "tomli-w (>=1.0.0)", "virtualenv (>=13.0.0)", "wheel"]
testing-integration = ["build[virtualenv]", "filelock (>=3.4.0)", "jaraco.envs (>=2.2)", "jaraco.path (>=3.2.0)", "pytest", "pytest-enabler", "pytest-xdist", "tomli", "virtualenv (>=13.0.0)", "wheel"]

[[package]]
name = "shellingham"
version = "1.5.0"
description = "Tool to Detect Surrounding Shell"
category = "main"
optional = false
python-versions = ">=3.4"

[[package]]
name = "six"
version = "1.16.0"
description = "Python 2 and 3 compatibility utilities"
category = "main"
optional = false
python-versions = ">=2.7, !=3.0.*, !=3.1.*, !=3.2.*"

[[package]]
name = "tomli"
version = "2.0.1"
description = "A lil' TOML parser"
category = "dev"
optional = false
python-versions = ">=3.7"

[[package]]
name = "tomlkit"
version = "0.11.4"
description = "Style preserving TOML library"
category = "main"
optional = false
python-versions = ">=3.6,<4.0"

[[package]]
name = "typer"
version = "0.6.1"
description = "Typer, build great CLIs. Easy to code. Based on Python type hints."
category = "main"
optional = false
python-versions = ">=3.6"

[package.dependencies]
click = ">=7.1.1,<9.0.0"
colorama = {version = ">=0.4.3,<0.5.0", optional = true, markers = "extra == \"all\""}
rich = {version = ">=10.11.0,<13.0.0", optional = true, markers = "extra == \"all\""}
shellingham = {version = ">=1.3.0,<2.0.0", optional = true, markers = "extra == \"all\""}

[package.extras]
all = ["colorama (>=0.4.3,<0.5.0)", "rich (>=10.11.0,<13.0.0)", "shellingham (>=1.3.0,<2.0.0)"]
dev = ["autoflake (>=1.3.1,<2.0.0)", "flake8 (>=3.8.3,<4.0.0)", "pre-commit (>=2.17.0,<3.0.0)"]
doc = ["mdx-include (>=1.4.1,<2.0.0)", "mkdocs (>=1.1.2,<2.0.0)", "mkdocs-material (>=8.1.4,<9.0.0)"]
test = ["black (>=22.3.0,<23.0.0)", "coverage (>=5.2,<6.0)", "isort (>=5.0.6,<6.0.0)", "mypy (==0.910)", "pytest (>=4.4.0,<5.4.0)", "pytest-cov (>=2.10.0,<3.0.0)", "pytest-sugar (>=0.9.4,<0.10.0)", "pytest-xdist (>=1.32.0,<2.0.0)", "rich (>=10.11.0,<13.0.0)", "shellingham (>=1.3.0,<2.0.0)"]

[[package]]
name = "urllib3"
version = "1.26.12"
description = "HTTP library with thread-safe connection pooling, file post, and more."
category = "main"
optional = false
python-versions = ">=2.7, !=3.0.*, !=3.1.*, !=3.2.*, !=3.3.*, !=3.4.*, !=3.5.*, <4"

[package.extras]
brotli = ["brotli (>=1.0.9)", "brotlicffi (>=0.8.0)", "brotlipy (>=0.6.0)"]
secure = ["certifi", "cryptography (>=1.3.4)", "idna (>=2.0.0)", "ipaddress", "pyOpenSSL (>=0.14)", "urllib3-secure-extra"]
socks = ["PySocks (>=1.5.6,!=1.5.7,<2.0)"]

[metadata]
lock-version = "1.1"
python-versions = "^3.10"
content-hash = "01b66ae8162d8e552f566adc7a786cfc87643ade9b6360bfc93aa4fbb37bcb0e"

[metadata.files]
appdirs = [
    {file = "appdirs-1.4.4-py2.py3-none-any.whl", hash = "sha256:a841dacd6b99318a741b166adb07e19ee71a274450e68237b4650ca1055ab128"},
    {file = "appdirs-1.4.4.tar.gz", hash = "sha256:7d5d0167b2b1ba821647616af46a749d1c653740dd0d2415100fe26e27afdf41"},
]
attrs = [
    {file = "attrs-22.1.0-py2.py3-none-any.whl", hash = "sha256:86efa402f67bf2df34f51a335487cf46b1ec130d02b8d39fd248abfd30da551c"},
    {file = "attrs-22.1.0.tar.gz", hash = "sha256:29adc2665447e5191d0e7c568fde78b21f9672d344281d0c6e1ab085429b22b6"},
]
certifi = [
    {file = "certifi-2022.6.15-py3-none-any.whl", hash = "sha256:fe86415d55e84719d75f8b69414f6438ac3547d2078ab91b67e779ef69378412"},
    {file = "certifi-2022.6.15.tar.gz", hash = "sha256:84c85a9078b11105f04f3036a9482ae10e4621616db313fe045dd24743a0820d"},
]
charset-normalizer = [
    {file = "charset-normalizer-2.1.1.tar.gz", hash = "sha256:5a3d016c7c547f69d6f81fb0db9449ce888b418b5b9952cc5e6e66843e9dd845"},
    {file = "charset_normalizer-2.1.1-py3-none-any.whl", hash = "sha256:83e9a75d1911279afd89352c68b45348559d1fc0506b054b346651b5e7fee29f"},
]
click = [
    {file = "click-8.1.3-py3-none-any.whl", hash = "sha256:bb4d8133cb15a609f44e8213d9b391b0809795062913b383c62be0ee95b1db48"},
    {file = "click-8.1.3.tar.gz", hash = "sha256:7682dc8afb30297001674575ea00d1814d808d6a36af415a82bd481d37ba7b8e"},
]
colorama = [
    {file = "colorama-0.4.5-py2.py3-none-any.whl", hash = "sha256:854bf444933e37f5824ae7bfc1e98d5bce2ebe4160d46b5edf346a89358e99da"},
    {file = "colorama-0.4.5.tar.gz", hash = "sha256:e6c6b4334fc50988a639d9b98aa429a0b57da6e17b9a44f0451f930b6967b7a4"},
]
commonmark = [
    {file = "commonmark-0.9.1-py2.py3-none-any.whl", hash = "sha256:da2f38c92590f83de410ba1a3cbceafbc74fee9def35f9251ba9a971d6d66fd9"},
    {file = "commonmark-0.9.1.tar.gz", hash = "sha256:452f9dc859be7f06631ddcb328b6919c67984aca654e5fefb3914d54691aed60"},
]
construct = [
    {file = "construct-2.10.68.tar.gz", hash = "sha256:7b2a3fd8e5f597a5aa1d614c3bd516fa065db01704c72a1efaaeec6ef23d8b45"},
]
deepmerge = [
    {file = "deepmerge-1.0.1-py3-none-any.whl", hash = "sha256:f851fff957697cb8f4580b465acf5c2d35841695306ff0abb9cb9c273ad76112"},
    {file = "deepmerge-1.0.1.tar.gz", hash = "sha256:4b44779ed3d2fb791bb181fc2683423496fea428abb7af37feb23286de7f0a1a"},
]
grpcio = [
    {file = "grpcio-1.49.0-cp310-cp310-linux_armv7l.whl", hash = "sha256:79298b2b153d00f34ecbf5db8ec1be9bf37172ff9d2b63a2e0c6ef67f85daf1e"},
    {file = "grpcio-1.49.0-cp310-cp310-macosx_10_10_x86_64.whl", hash = "sha256:ebb539e0cf618593dc08ea9bf6fc72c538b632663f8efc1a344f6db62545dfaa"},
    {file = "grpcio-1.49.0-cp310-cp310-manylinux_2_17_aarch64.whl", hash = "sha256:7ea88f3dfe2606a93193e8dc240659b5eedcee77ef90d655cbc792273a5c3eb2"},
    {file = "grpcio-1.49.0-cp310-cp310-manylinux_2_17_i686.manylinux2014_i686.whl", hash = "sha256:a821831518758b725ba857d791a43959e8ffdbe5935e89a50222496fe2ed0f9c"},
    {file = "grpcio-1.49.0-cp310-cp310-manylinux_2_17_x86_64.manylinux2014_x86_64.whl", hash = "sha256:91763e949104894b639ad47243c69988fc0bbdcbead995280f7d3fcba3824a79"},
    {file = "grpcio-1.49.0-cp310-cp310-musllinux_1_1_i686.whl", hash = "sha256:ad119d3db3a284e8f0dbf0149b904280e17a13c9eca38a250109cbee9d569a1d"},
    {file = "grpcio-1.49.0-cp310-cp310-musllinux_1_1_x86_64.whl", hash = "sha256:e26d4b147447cf63e7e20e92c7b938b6279c0cd463b421f0f6ecc2d991161614"},
    {file = "grpcio-1.49.0-cp310-cp310-win32.whl", hash = "sha256:172cfa96c6d4de9d84bbd00ffea7aebe820f44430d31cdfea6ec6d209007c117"},
    {file = "grpcio-1.49.0-cp310-cp310-win_amd64.whl", hash = "sha256:07bbbb2675d5bcd5ea0dd5dc39d47d8cd9f81e12d5689d79079f5eb9bad87127"},
    {file = "grpcio-1.49.0-cp311-cp311-linux_armv7l.whl", hash = "sha256:a3eccffe9cac99883cbfdcaac0af3d346d5499a7fcb7d57fdd2ec21209471c39"},
    {file = "grpcio-1.49.0-cp311-cp311-macosx_10_10_x86_64.whl", hash = "sha256:77742b6805c2b46a59b76f924b3018de89c4e3b565df7ef2d79d4d8eecd37a20"},
    {file = "grpcio-1.49.0-cp311-cp311-manylinux_2_17_i686.manylinux2014_i686.whl", hash = "sha256:875cb37144865cc4d26e91add8c9672cf2c95f3547f15ae3daba8f27064fdb30"},
    {file = "grpcio-1.49.0-cp311-cp311-manylinux_2_17_x86_64.manylinux2014_x86_64.whl", hash = "sha256:1532064b23130be7760c940b82961e3661cb785f686204a937e8edca007069fe"},
    {file = "grpcio-1.49.0-cp311-cp311-musllinux_1_1_i686.whl", hash = "sha256:3477cec9b89334ddbb09b44cf099e9a81f4090b48fdd63310f91b71a762896d6"},
    {file = "grpcio-1.49.0-cp311-cp311-musllinux_1_1_x86_64.whl", hash = "sha256:cb4a3812e90d8189ff96b1779c7e7e56d13e7525ef4928b7d897c62c0d8936e3"},
    {file = "grpcio-1.49.0-cp311-cp311-win32.whl", hash = "sha256:a9e154ff1d55540db0ff9ee123687c45e7946a235d22a44c5347b2384b2a4753"},
    {file = "grpcio-1.49.0-cp311-cp311-win_amd64.whl", hash = "sha256:894fba84ef949c7f2403eaf09c9d2421eeeec447f4d61829353a371d4d1edb57"},
    {file = "grpcio-1.49.0-cp37-cp37m-linux_armv7l.whl", hash = "sha256:fcd45c259cabb739b8b0c3a539ad2796f627fef77e53e55e6c2b5389b59a00ff"},
    {file = "grpcio-1.49.0-cp37-cp37m-macosx_10_10_x86_64.whl", hash = "sha256:4ae542364be7b2cb13d8372c2a601a84c77a93327c93a31cda64fd9c5c333448"},
    {file = "grpcio-1.49.0-cp37-cp37m-manylinux_2_17_aarch64.whl", hash = "sha256:3e7b20e78b8dcee038002fd42ae13d5e6e81efa7d21cc6682a25f4cbd18f0491"},
    {file = "grpcio-1.49.0-cp37-cp37m-manylinux_2_17_i686.manylinux2014_i686.whl", hash = "sha256:82a40b2fea553a85d045b1934633d108643d3b870a08fa19d47137d967e8e716"},
    {file = "grpcio-1.49.0-cp37-cp37m-manylinux_2_17_x86_64.manylinux2014_x86_64.whl", hash = "sha256:85150bce2438feb2a814e0c2dec09fb6e86a58b69a06279a1a49426b88b84176"},
    {file = "grpcio-1.49.0-cp37-cp37m-musllinux_1_1_i686.whl", hash = "sha256:db056a709ea38b2da97a6811ed6719329f6576a32240e102e897a05b681a1674"},
    {file = "grpcio-1.49.0-cp37-cp37m-musllinux_1_1_x86_64.whl", hash = "sha256:41d8e725b816964691650967b017a621d935ba7393a153fcf8d6dcae5e41e4b3"},
    {file = "grpcio-1.49.0-cp37-cp37m-win32.whl", hash = "sha256:6ea56034245fe04ca3c411d2bf7032782722973e4cd2964e89d55110d2142bac"},
    {file = "grpcio-1.49.0-cp37-cp37m-win_amd64.whl", hash = "sha256:bc39e9bd568b210ba9e44819736eb5e95cada054381dec5a3d2ec0a5f7c0178f"},
    {file = "grpcio-1.49.0-cp38-cp38-linux_armv7l.whl", hash = "sha256:8d6f4ace5b41502b11c2456d2fa3a2d7ee776bbb7d2c3c05e0309d420654c95a"},
    {file = "grpcio-1.49.0-cp38-cp38-macosx_10_10_x86_64.whl", hash = "sha256:9736f24b9a0a5b66df739fa2e82132c1c420cc470df003e53596dcec8d90a52a"},
    {file = "grpcio-1.49.0-cp38-cp38-manylinux_2_17_aarch64.whl", hash = "sha256:a0c39a3d81a727d36c855781886a66d868681e5dc8de76a766a7c3c4827f649b"},
    {file = "grpcio-1.49.0-cp38-cp38-manylinux_2_17_i686.manylinux2014_i686.whl", hash = "sha256:63c3823fc525882989c0a42191d1efeb37c4d4f4c1dc555cc21d721fe11570e3"},
    {file = "grpcio-1.49.0-cp38-cp38-manylinux_2_17_x86_64.manylinux2014_x86_64.whl", hash = "sha256:b0522e5c678411977db57bb6a4c6dd29e1defc0961ebf2c0a29871459cce0fd9"},
    {file = "grpcio-1.49.0-cp38-cp38-musllinux_1_1_i686.whl", hash = "sha256:3cc65127b0755fc0cf4f7e095f2d0ed25fe225eb1525b76c0a32de3efaf7c22f"},
    {file = "grpcio-1.49.0-cp38-cp38-musllinux_1_1_x86_64.whl", hash = "sha256:717ed04e949022e33e10c4d11b2a9567da2de5a02019535058482ea54d9f795c"},
    {file = "grpcio-1.49.0-cp38-cp38-win32.whl", hash = "sha256:dcb480c4141dd051120a3de9af555ef09fc3ce1d0cb47e95b22ac1406554af18"},
    {file = "grpcio-1.49.0-cp38-cp38-win_amd64.whl", hash = "sha256:faa91b060bf3c520d0a4f11bd550d1b4026d649f188b082690270182fb462ec4"},
    {file = "grpcio-1.49.0-cp39-cp39-linux_armv7l.whl", hash = "sha256:5df1748ac9d679f47ee39226a7389f73e8c7c49910c7493b0f61735825a0b5ec"},
    {file = "grpcio-1.49.0-cp39-cp39-macosx_10_10_x86_64.whl", hash = "sha256:4f70df4d99945a7dc4a358cf0d2c027bba2d3125bc8ad1acb069480747fc58de"},
    {file = "grpcio-1.49.0-cp39-cp39-manylinux_2_17_aarch64.whl", hash = "sha256:6cbcbbab1c8f677d6b3bb55b22bfce87bd10713a8ef439098f86ada96e69eda8"},
    {file = "grpcio-1.49.0-cp39-cp39-manylinux_2_17_i686.manylinux2014_i686.whl", hash = "sha256:b40ca1a353ad0410f979d3ac7fdb07e2ad65717411c0c3e2df12a4b811898637"},
    {file = "grpcio-1.49.0-cp39-cp39-manylinux_2_17_x86_64.manylinux2014_x86_64.whl", hash = "sha256:ede5041e8a98ce8761d7b6d966da872ac6a5bf2d8de776b402ea509c8ba8a8bc"},
    {file = "grpcio-1.49.0-cp39-cp39-musllinux_1_1_i686.whl", hash = "sha256:49a8a3aa2d61f1940983795cea78d336f86ab2e5c92029adfc7e6a8ee0fe6e3a"},
    {file = "grpcio-1.49.0-cp39-cp39-musllinux_1_1_x86_64.whl", hash = "sha256:b3bc29e95a578b5c5a1bf2908ef56f45ad8b669178298cf6a8357a6883baff99"},
    {file = "grpcio-1.49.0-cp39-cp39-win32.whl", hash = "sha256:60d31d1377429f0f83fe10887276e8bdef16fb297dfbccab896a145d7b171bc8"},
    {file = "grpcio-1.49.0-cp39-cp39-win_amd64.whl", hash = "sha256:4e0374c5b31fdf5cd4a2f3209e5341762a34c80acedbaca0896ccb904ecdd707"},
    {file = "grpcio-1.49.0.tar.gz", hash = "sha256:90ec337f36db26fbc70a4c032bcbabb2008f950f4194e99385118a12688fdf92"},
]
gtfs-realtime-bindings = [
    {file = "gtfs-realtime-bindings-0.0.7.zip", hash = "sha256:8534cee8d2ec9d5bfa5ff1276b5ef3b990412f5f028899098977de67a03a5bed"},
]
idna = [
    {file = "idna-3.3-py3-none-any.whl", hash = "sha256:84d9dd047ffa80596e0f246e2eab0b391788b0503584e8945f2368256d2735ff"},
    {file = "idna-3.3.tar.gz", hash = "sha256:9d643ff0a55b762d5cdb124b8eaa99c66322e2157b69160bc32796e824360e6d"},
]
iniconfig = [
    {file = "iniconfig-1.1.1-py2.py3-none-any.whl", hash = "sha256:011e24c64b7f47f6ebd835bb12a743f2fbe9a26d4cecaa7f53bc4f35ee9da8b3"},
    {file = "iniconfig-1.1.1.tar.gz", hash = "sha256:bc3af051d7d14b2ee5ef9969666def0cd1a000e121eaea580d4a313df4b37f32"},
]
packaging = [
    {file = "packaging-21.3-py3-none-any.whl", hash = "sha256:ef103e05f519cdc783ae24ea4e2e0f508a9c99b2d4969652eed6a2e1ea5bd522"},
    {file = "packaging-21.3.tar.gz", hash = "sha256:dd47c42927d89ab911e606518907cc2d3a1f38bbd026385970643f9c5b8ecfeb"},
]
pluggy = [
    {file = "pluggy-1.0.0-py2.py3-none-any.whl", hash = "sha256:74134bbf457f031a36d68416e1509f34bd5ccc019f0bcc952c7b909d06b37bd3"},
    {file = "pluggy-1.0.0.tar.gz", hash = "sha256:4224373bacce55f955a878bf9cfa763c1e360858e330072059e10bad68531159"},
]
protobuf = [
    {file = "protobuf-4.21.5-cp310-abi3-win32.whl", hash = "sha256:5310cbe761e87f0c1decce019d23f2101521d4dfff46034f8a12a53546036ec7"},
    {file = "protobuf-4.21.5-cp310-abi3-win_amd64.whl", hash = "sha256:e5c5a2886ae48d22a9d32fbb9b6636a089af3cd26b706750258ce1ca96cc0116"},
    {file = "protobuf-4.21.5-cp37-abi3-macosx_10_9_universal2.whl", hash = "sha256:ee04f5823ed98bb9a8c3b1dc503c49515e0172650875c3f76e225b223793a1f2"},
    {file = "protobuf-4.21.5-cp37-abi3-manylinux2014_aarch64.whl", hash = "sha256:b04484d6f42f48c57dd2737a72692f4c6987529cdd148fb5b8e5f616862a2e37"},
    {file = "protobuf-4.21.5-cp37-abi3-manylinux2014_x86_64.whl", hash = "sha256:5e0b272217aad8971763960238c1a1e6a65d50ef7824e23300da97569a251c55"},
    {file = "protobuf-4.21.5-cp37-cp37m-win32.whl", hash = "sha256:5eb0724615e90075f1d763983e708e1cef08e66b1891d8b8b6c33bc3b2f1a02b"},
    {file = "protobuf-4.21.5-cp37-cp37m-win_amd64.whl", hash = "sha256:011c0f267e85f5d73750b6c25f0155d5db1e9443cd3590ab669a6221dd8fcdb0"},
    {file = "protobuf-4.21.5-cp38-cp38-win32.whl", hash = "sha256:7b6f22463e2d1053d03058b7b4ceca6e4ed4c14f8c286c32824df751137bf8e7"},
    {file = "protobuf-4.21.5-cp38-cp38-win_amd64.whl", hash = "sha256:b52e7a522911a40445a5f588bd5b5e584291bfc5545e09b7060685e4b2ff814f"},
    {file = "protobuf-4.21.5-cp39-cp39-win32.whl", hash = "sha256:a7faa62b183d6a928e3daffd06af843b4287d16ef6e40f331575ecd236a7974d"},
    {file = "protobuf-4.21.5-cp39-cp39-win_amd64.whl", hash = "sha256:5e0ce02418ef03d7657a420ae8fd6fec4995ac713a3cb09164e95f694dbcf085"},
    {file = "protobuf-4.21.5-py2.py3-none-any.whl", hash = "sha256:bf711b451212dc5b0fa45ae7dada07d8e71a4b0ff0bc8e4783ee145f47ac4f82"},
    {file = "protobuf-4.21.5-py3-none-any.whl", hash = "sha256:3ec6f5b37935406bb9df9b277e79f8ed81d697146e07ef2ba8a5a272fb24b2c9"},
    {file = "protobuf-4.21.5.tar.gz", hash = "sha256:eb1106e87e095628e96884a877a51cdb90087106ee693925ec0a300468a9be3a"},
]
py = [
    {file = "py-1.11.0-py2.py3-none-any.whl", hash = "sha256:607c53218732647dff4acdfcd50cb62615cedf612e72d1724fb1a0cc6405b378"},
    {file = "py-1.11.0.tar.gz", hash = "sha256:51c75c4126074b472f746a24399ad32f6053d1b34b68d2fa41e558e6f4a98719"},
]
pyftdi = [
    {file = "pyftdi-0.13.4.tar.gz", hash = "sha256:8703304a6f6cd7d0a713ba3e2d38a73cc924340221d808df6fa05ebf025ee9a1"},
]
pygments = [
    {file = "Pygments-2.13.0-py3-none-any.whl", hash = "sha256:f643f331ab57ba3c9d89212ee4a2dabc6e94f117cf4eefde99a0574720d14c42"},
    {file = "Pygments-2.13.0.tar.gz", hash = "sha256:56a8508ae95f98e2b9bdf93a6be5ae3f7d8af858b43e02c5a2ff083726be40c1"},
]
pylibftdi = [
    {file = "pylibftdi-0.20.0-py2.py3-none-any.whl", hash = "sha256:94226345e419c52741d304b1db6adb7409b19b769220b71f75ade14d4f847854"},
    {file = "pylibftdi-0.20.0.tar.gz", hash = "sha256:f4a87fc4af2c9c7d42badd4192ca9b529f32c9d96fdc8daea7e29c509226df5f"},
]
pyparsing = [
    {file = "pyparsing-3.0.9-py3-none-any.whl", hash = "sha256:5026bae9a10eeaefb61dab2f09052b9f4307d44aee4eda64b309723d8d206bbc"},
    {file = "pyparsing-3.0.9.tar.gz", hash = "sha256:2b020ecf7d21b687f219b71ecad3631f644a47f01403fa1d1036b0c6416d70fb"},
]
pyserial = [
    {file = "pyserial-3.5-py2.py3-none-any.whl", hash = "sha256:c4451db6ba391ca6ca299fb3ec7bae67a5c55dde170964c7a14ceefec02f2cf0"},
    {file = "pyserial-3.5.tar.gz", hash = "sha256:3c77e014170dfffbd816e6ffc205e9842efb10be9f58ec16d3e8675b4925cddb"},
]
pytest = [
    {file = "pytest-7.1.3-py3-none-any.whl", hash = "sha256:1377bda3466d70b55e3f5cecfa55bb7cfcf219c7964629b967c37cf0bda818b7"},
    {file = "pytest-7.1.3.tar.gz", hash = "sha256:4f365fec2dff9c1162f834d9f18af1ba13062db0c708bf7b946f8a5c76180c39"},
]
pyusb = [
    {file = "pyusb-1.2.1-py3-none-any.whl", hash = "sha256:2b4c7cb86dbadf044dfb9d3a4ff69fd217013dbe78a792177a3feb172449ea36"},
    {file = "pyusb-1.2.1.tar.gz", hash = "sha256:a4cc7404a203144754164b8b40994e2849fde1cfff06b08492f12fff9d9de7b9"},
]
requests = [
    {file = "requests-2.28.1-py3-none-any.whl", hash = "sha256:8fefa2a1a1365bf5520aac41836fbee479da67864514bdb821f31ce07ce65349"},
    {file = "requests-2.28.1.tar.gz", hash = "sha256:7c5599b102feddaa661c826c56ab4fee28bfd17f5abca1ebbe3e7f19d7c97983"},
]
rich = [
    {file = "rich-12.5.1-py3-none-any.whl", hash = "sha256:2eb4e6894cde1e017976d2975ac210ef515d7548bc595ba20e195fb9628acdeb"},
    {file = "rich-12.5.1.tar.gz", hash = "sha256:63a5c5ce3673d3d5fbbf23cd87e11ab84b6b451436f1b7f19ec54b6bc36ed7ca"},
]
sbp = [
    {file = "sbp-4.7.0-py2.py3-none-any.whl", hash = "sha256:d4e2dfdbdab952bd593b58943d694d7bc6d6a21049b73db6157211afd994f4f1"},
    {file = "sbp-4.7.0.tar.gz", hash = "sha256:a8080eb35de2ad000369f8ded52e9515892ce08f3c78283d959615e01d4dacd5"},
]
setuptools = [
    {file = "setuptools-65.3.0-py3-none-any.whl", hash = "sha256:2e24e0bec025f035a2e72cdd1961119f557d78ad331bb00ff82efb2ab8da8e82"},
    {file = "setuptools-65.3.0.tar.gz", hash = "sha256:7732871f4f7fa58fb6bdcaeadb0161b2bd046c85905dbaa066bdcbcc81953b57"},
]
shellingham = [
    {file = "shellingham-1.5.0-py2.py3-none-any.whl", hash = "sha256:a8f02ba61b69baaa13facdba62908ca8690a94b8119b69f5ec5873ea85f7391b"},
    {file = "shellingham-1.5.0.tar.gz", hash = "sha256:72fb7f5c63103ca2cb91b23dee0c71fe8ad6fbfd46418ef17dbe40db51592dad"},
]
six = [
    {file = "six-1.16.0-py2.py3-none-any.whl", hash = "sha256:8abb2f1d86890a2dfb989f9a77cfcfd3e47c2a354b01111771326f8aa26e0254"},
    {file = "six-1.16.0.tar.gz", hash = "sha256:1e61c37477a1626458e36f7b1d82aa5c9b094fa4802892072e49de9c60c4c926"},
]
tomli = [
    {file = "tomli-2.0.1-py3-none-any.whl", hash = "sha256:939de3e7a6161af0c887ef91b7d41a53e7c5a1ca976325f429cb46ea9bc30ecc"},
    {file = "tomli-2.0.1.tar.gz", hash = "sha256:de526c12914f0c550d15924c62d72abc48d6fe7364aa87328337a31007fe8a4f"},
]
tomlkit = [
    {file = "tomlkit-0.11.4-py3-none-any.whl", hash = "sha256:25d4e2e446c453be6360c67ddfb88838cfc42026322770ba13d1fbd403a93a5c"},
    {file = "tomlkit-0.11.4.tar.gz", hash = "sha256:3235a9010fae54323e727c3ac06fb720752fe6635b3426e379daec60fbd44a83"},
]
typer = [
    {file = "typer-0.6.1-py3-none-any.whl", hash = "sha256:54b19e5df18654070a82f8c2aa1da456a4ac16a2a83e6dcd9f170e291c56338e"},
    {file = "typer-0.6.1.tar.gz", hash = "sha256:2d5720a5e63f73eaf31edaa15f6ab87f35f0690f8ca233017d7d23d743a91d73"},
]
urllib3 = [
    {file = "urllib3-1.26.12-py2.py3-none-any.whl", hash = "sha256:b930dd878d5a8afb066a637fbb35144fe7901e3b209d1cd4f524bd0e9deee997"},
    {file = "urllib3-1.26.12.tar.gz", hash = "sha256:3fa96cf423e6987997fc326ae8df396db2a8b7c667747d47ddd8ecba91f4a74e"},
]
