[[package]]
name = "appdirs"
version = "1.4.4"
description = "A small Python module for determining appropriate platform-specific dirs, e.g. a \"user data dir\"."
category = "main"
optional = false
python-versions = "*"

[[package]]
name = "attrs"
version = "22.1.0"
description = "Classes Without Boilerplate"
category = "dev"
optional = false
python-versions = ">=3.5"

[package.extras]
dev = ["cloudpickle", "coverage[toml] (>=5.0.2)", "furo", "hypothesis", "mypy (>=0.900,!=0.940)", "pre-commit", "pympler", "pytest (>=4.3.0)", "pytest-mypy-plugins", "sphinx", "sphinx-notfound-page", "zope.interface"]
docs = ["furo", "sphinx", "sphinx-notfound-page", "zope.interface"]
tests = ["cloudpickle", "coverage[toml] (>=5.0.2)", "hypothesis", "mypy (>=0.900,!=0.940)", "pympler", "pytest (>=4.3.0)", "pytest-mypy-plugins", "zope.interface"]
tests-no-zope = ["cloudpickle", "coverage[toml] (>=5.0.2)", "hypothesis", "mypy (>=0.900,!=0.940)", "pympler", "pytest (>=4.3.0)", "pytest-mypy-plugins"]

[[package]]
name = "black"
version = "22.10.0"
description = "The uncompromising code formatter."
category = "dev"
optional = false
python-versions = ">=3.7"

[package.dependencies]
click = ">=8.0.0"
mypy-extensions = ">=0.4.3"
pathspec = ">=0.9.0"
platformdirs = ">=2"
tomli = {version = ">=1.1.0", markers = "python_full_version < \"3.11.0a7\""}

[package.extras]
colorama = ["colorama (>=0.4.3)"]
d = ["aiohttp (>=3.7.4)"]
jupyter = ["ipython (>=7.8.0)", "tokenize-rt (>=3.2.0)"]
uvloop = ["uvloop (>=0.15.2)"]

[[package]]
name = "certifi"
version = "2022.6.15"
description = "Python package for providing Mozilla's CA Bundle."
category = "main"
optional = false
python-versions = ">=3.6"

[[package]]
name = "charset-normalizer"
version = "2.1.1"
description = "The Real First Universal Charset Detector. Open, modern and actively maintained alternative to Chardet."
category = "main"
optional = false
python-versions = ">=3.6.0"

[package.extras]
unicode-backport = ["unicodedata2"]

[[package]]
name = "click"
version = "8.1.3"
description = "Composable command line interface toolkit"
category = "main"
optional = false
python-versions = ">=3.7"

[package.dependencies]
colorama = {version = "*", markers = "platform_system == \"Windows\""}

[[package]]
name = "colorama"
version = "0.4.5"
description = "Cross-platform colored terminal text."
category = "main"
optional = false
python-versions = ">=2.7, !=3.0.*, !=3.1.*, !=3.2.*, !=3.3.*, !=3.4.*"

[[package]]
name = "commonmark"
version = "0.9.1"
description = "Python parser for the CommonMark Markdown spec"
category = "main"
optional = false
python-versions = "*"

[package.extras]
test = ["flake8 (==3.7.8)", "hypothesis (==3.55.3)"]

[[package]]
name = "construct"
version = "2.10.68"
description = "A powerful declarative symmetric parser/builder for binary data"
category = "main"
optional = false
python-versions = ">=3.6"

[package.extras]
extras = ["arrow", "cloudpickle", "enum34", "lz4", "numpy", "ruamel.yaml"]

[[package]]
name = "deepmerge"
version = "1.0.1"
description = "a toolset to deeply merge python dictionaries."
category = "main"
optional = false
python-versions = "*"

[[package]]
name = "grpcio"
version = "1.48.1"
description = "HTTP/2-based RPC framework"
category = "main"
optional = false
python-versions = ">=3.6"

[package.dependencies]
six = ">=1.5.2"

[package.extras]
protobuf = ["grpcio-tools (>=1.48.1)"]

[[package]]
name = "gtfs-realtime-bindings"
version = "0.0.7"
description = "Python classes generated from the GTFS-realtime protocol buffer specification."
category = "main"
optional = false
python-versions = "*"

[package.dependencies]
protobuf = "*"
setuptools = "*"

[[package]]
name = "idna"
version = "3.3"
description = "Internationalized Domain Names in Applications (IDNA)"
category = "main"
optional = false
python-versions = ">=3.5"

[[package]]
name = "iniconfig"
version = "1.1.1"
description = "iniconfig: brain-dead simple config-ini parsing"
category = "dev"
optional = false
python-versions = "*"

[[package]]
name = "mypy-extensions"
version = "0.4.3"
description = "Experimental type system extensions for programs checked with the mypy typechecker."
category = "dev"
optional = false
python-versions = "*"

[[package]]
name = "packaging"
version = "21.3"
description = "Core utilities for Python packages"
category = "dev"
optional = false
python-versions = ">=3.6"

[package.dependencies]
pyparsing = ">=2.0.2,<3.0.5 || >3.0.5"

[[package]]
name = "pathspec"
version = "0.10.2"
description = "Utility library for gitignore style pattern matching of file paths."
category = "dev"
optional = false
python-versions = ">=3.7"

[[package]]
name = "persist-queue"
version = "0.8.0"
description = "A thread-safe disk based persistent queue in Python."
category = "main"
optional = false
python-versions = "*"

[package.extras]
extra = ["DBUtils (<3.0.0)", "PyMySQL", "msgpack (>=0.5.6)"]

[[package]]
name = "platformdirs"
version = "2.5.4"
description = "A small Python package for determining appropriate platform-specific dirs, e.g. a \"user data dir\"."
category = "dev"
optional = false
python-versions = ">=3.7"

[package.extras]
docs = ["furo (>=2022.9.29)", "proselint (>=0.13)", "sphinx (>=5.3)", "sphinx-autodoc-typehints (>=1.19.4)"]
test = ["appdirs (==1.4.4)", "pytest (>=7.2)", "pytest-cov (>=4)", "pytest-mock (>=3.10)"]

[[package]]
name = "pluggy"
version = "1.0.0"
description = "plugin and hook calling mechanisms for python"
category = "dev"
optional = false
python-versions = ">=3.6"

[package.extras]
dev = ["pre-commit", "tox"]
testing = ["pytest", "pytest-benchmark"]

[[package]]
name = "protobuf"
version = "4.21.5"
description = ""
category = "main"
optional = false
python-versions = ">=3.7"

[[package]]
name = "py"
version = "1.11.0"
description = "library with cross-python path, ini-parsing, io, code, log facilities"
category = "dev"
optional = false
python-versions = ">=2.7, !=3.0.*, !=3.1.*, !=3.2.*, !=3.3.*, !=3.4.*"

[[package]]
name = "pyftdi"
version = "0.13.4"
description = "FTDI device driver (pure Python)"
category = "main"
optional = false
python-versions = "*"

[package.dependencies]
pyserial = ">=2.6"
pyusb = ">=1.0.0b1"
six = "*"

[[package]]
name = "pygments"
version = "2.13.0"
description = "Pygments is a syntax highlighting package written in Python."
category = "main"
optional = false
python-versions = ">=3.6"

[package.extras]
plugins = ["importlib-metadata"]

[[package]]
name = "pylibftdi"
version = "0.20.0"
description = "Pythonic interface to FTDI devices using libftdi"
category = "main"
optional = false
python-versions = "*"

[[package]]
name = "pyparsing"
version = "3.0.9"
description = "pyparsing module - Classes and methods to define and execute parsing grammars"
category = "dev"
optional = false
python-versions = ">=3.6.8"

[package.extras]
diagrams = ["jinja2", "railroad-diagrams"]

[[package]]
name = "pyserial"
version = "3.5"
description = "Python Serial Port Extension"
category = "main"
optional = false
python-versions = "*"

[package.extras]
cp2110 = ["hidapi"]

[[package]]
name = "pytest"
version = "7.1.3"
description = "pytest: simple powerful testing with Python"
category = "dev"
optional = false
python-versions = ">=3.7"

[package.dependencies]
attrs = ">=19.2.0"
colorama = {version = "*", markers = "sys_platform == \"win32\""}
iniconfig = "*"
packaging = "*"
pluggy = ">=0.12,<2.0"
py = ">=1.8.2"
tomli = ">=1.0.0"

[package.extras]
testing = ["argcomplete", "hypothesis (>=3.56)", "mock", "nose", "pygments (>=2.7.2)", "requests", "xmlschema"]

[[package]]
name = "pyusb"
version = "1.2.1"
description = "Python USB access module"
category = "main"
optional = false
python-versions = ">=3.6.0"

[[package]]
name = "requests"
version = "2.28.1"
description = "Python HTTP for Humans."
category = "main"
optional = false
python-versions = ">=3.7, <4"

[package.dependencies]
certifi = ">=2017.4.17"
charset-normalizer = ">=2,<3"
idna = ">=2.5,<4"
urllib3 = ">=1.21.1,<1.27"

[package.extras]
socks = ["PySocks (>=1.5.6,!=1.5.7)"]
use-chardet-on-py3 = ["chardet (>=3.0.2,<6)"]

[[package]]
name = "rich"
version = "12.5.1"
description = "Render rich text, tables, progress bars, syntax highlighting, markdown and more to the terminal"
category = "main"
optional = false
python-versions = ">=3.6.3,<4.0.0"

[package.dependencies]
commonmark = ">=0.9.0,<0.10.0"
pygments = ">=2.6.0,<3.0.0"

[package.extras]
jupyter = ["ipywidgets (>=7.5.1,<8.0.0)"]

[[package]]
name = "sbp"
version = "4.9.0"
description = "Python bindings for Swift Binary Protocol"
category = "main"
optional = false
python-versions = "*"

[package.dependencies]
construct = "*"
pyftdi = ">=0.13.4,<0.14.0"
pylibftdi = "*"
pyserial = "*"

[package.extras]
sbp2json = ["pybase64 (>=1.1,<2.0)", "python-rapidjson (>=1.0,<2.0)"]

[[package]]
name = "setuptools"
version = "65.6.3"
description = "Easily download, build, install, upgrade, and uninstall Python packages"
category = "main"
optional = false
python-versions = ">=3.7"

[package.extras]
docs = ["furo", "jaraco.packaging (>=9)", "jaraco.tidelift (>=1.4)", "pygments-github-lexers (==0.0.5)", "rst.linker (>=1.9)", "sphinx (>=3.5)", "sphinx-favicon", "sphinx-hoverxref (<2)", "sphinx-inline-tabs", "sphinx-notfound-page (==0.8.3)", "sphinx-reredirects", "sphinxcontrib-towncrier"]
testing = ["build[virtualenv]", "filelock (>=3.4.0)", "flake8 (<5)", "flake8-2020", "ini2toml[lite] (>=0.9)", "jaraco.envs (>=2.2)", "jaraco.path (>=3.2.0)", "pip (>=19.1)", "pip-run (>=8.8)", "pytest (>=6)", "pytest-black (>=0.3.7)", "pytest-checkdocs (>=2.4)", "pytest-cov", "pytest-enabler (>=1.3)", "pytest-flake8", "pytest-mypy (>=0.9.1)", "pytest-perf", "pytest-timeout", "pytest-xdist", "tomli-w (>=1.0.0)", "virtualenv (>=13.0.0)", "wheel"]
testing-integration = ["build[virtualenv]", "filelock (>=3.4.0)", "jaraco.envs (>=2.2)", "jaraco.path (>=3.2.0)", "pytest", "pytest-enabler", "pytest-xdist", "tomli", "virtualenv (>=13.0.0)", "wheel"]

[[package]]
name = "shellingham"
version = "1.5.0"
description = "Tool to Detect Surrounding Shell"
category = "main"
optional = false
python-versions = ">=3.4"

[[package]]
name = "six"
version = "1.16.0"
description = "Python 2 and 3 compatibility utilities"
category = "main"
optional = false
python-versions = ">=2.7, !=3.0.*, !=3.1.*, !=3.2.*"

[[package]]
name = "tomli"
version = "2.0.1"
description = "A lil' TOML parser"
category = "dev"
optional = false
python-versions = ">=3.7"

[[package]]
name = "tomlkit"
version = "0.11.4"
description = "Style preserving TOML library"
category = "main"
optional = false
python-versions = ">=3.6,<4.0"

[[package]]
name = "typer"
version = "0.6.1"
description = "Typer, build great CLIs. Easy to code. Based on Python type hints."
category = "main"
optional = false
python-versions = ">=3.6"

[package.dependencies]
click = ">=7.1.1,<9.0.0"
colorama = {version = ">=0.4.3,<0.5.0", optional = true, markers = "extra == \"all\""}
rich = {version = ">=10.11.0,<13.0.0", optional = true, markers = "extra == \"all\""}
shellingham = {version = ">=1.3.0,<2.0.0", optional = true, markers = "extra == \"all\""}

[package.extras]
all = ["colorama (>=0.4.3,<0.5.0)", "rich (>=10.11.0,<13.0.0)", "shellingham (>=1.3.0,<2.0.0)"]
dev = ["autoflake (>=1.3.1,<2.0.0)", "flake8 (>=3.8.3,<4.0.0)", "pre-commit (>=2.17.0,<3.0.0)"]
doc = ["mdx-include (>=1.4.1,<2.0.0)", "mkdocs (>=1.1.2,<2.0.0)", "mkdocs-material (>=8.1.4,<9.0.0)"]
test = ["black (>=22.3.0,<23.0.0)", "coverage (>=5.2,<6.0)", "isort (>=5.0.6,<6.0.0)", "mypy (==0.910)", "pytest (>=4.4.0,<5.4.0)", "pytest-cov (>=2.10.0,<3.0.0)", "pytest-sugar (>=0.9.4,<0.10.0)", "pytest-xdist (>=1.32.0,<2.0.0)", "rich (>=10.11.0,<13.0.0)", "shellingham (>=1.3.0,<2.0.0)"]

[[package]]
name = "urllib3"
version = "1.26.12"
description = "HTTP library with thread-safe connection pooling, file post, and more."
category = "main"
optional = false
python-versions = ">=2.7, !=3.0.*, !=3.1.*, !=3.2.*, !=3.3.*, !=3.4.*, !=3.5.*, <4"

[package.extras]
brotli = ["brotli (>=1.0.9)", "brotlicffi (>=0.8.0)", "brotlipy (>=0.6.0)"]
secure = ["certifi", "cryptography (>=1.3.4)", "idna (>=2.0.0)", "ipaddress", "pyOpenSSL (>=0.14)", "urllib3-secure-extra"]
socks = ["PySocks (>=1.5.6,!=1.5.7,<2.0)"]

[metadata]
lock-version = "1.1"
python-versions = "^3.10"
content-hash = "27b8ddcbd468d7cf7f8fb0188a6adef53546fb22d0ca84318d214ccc0ccbb2b6"

[metadata.files]
appdirs = [
    {file = "appdirs-1.4.4-py2.py3-none-any.whl", hash = "sha256:a841dacd6b99318a741b166adb07e19ee71a274450e68237b4650ca1055ab128"},
    {file = "appdirs-1.4.4.tar.gz", hash = "sha256:7d5d0167b2b1ba821647616af46a749d1c653740dd0d2415100fe26e27afdf41"},
]
attrs = [
    {file = "attrs-22.1.0-py2.py3-none-any.whl", hash = "sha256:86efa402f67bf2df34f51a335487cf46b1ec130d02b8d39fd248abfd30da551c"},
    {file = "attrs-22.1.0.tar.gz", hash = "sha256:29adc2665447e5191d0e7c568fde78b21f9672d344281d0c6e1ab085429b22b6"},
]
black = [
    {file = "black-22.10.0-1fixedarch-cp310-cp310-macosx_11_0_x86_64.whl", hash = "sha256:5cc42ca67989e9c3cf859e84c2bf014f6633db63d1cbdf8fdb666dcd9e77e3fa"},
    {file = "black-22.10.0-1fixedarch-cp311-cp311-macosx_11_0_x86_64.whl", hash = "sha256:5d8f74030e67087b219b032aa33a919fae8806d49c867846bfacde57f43972ef"},
    {file = "black-22.10.0-1fixedarch-cp37-cp37m-macosx_10_16_x86_64.whl", hash = "sha256:197df8509263b0b8614e1df1756b1dd41be6738eed2ba9e9769f3880c2b9d7b6"},
    {file = "black-22.10.0-1fixedarch-cp38-cp38-macosx_10_16_x86_64.whl", hash = "sha256:2644b5d63633702bc2c5f3754b1b475378fbbfb481f62319388235d0cd104c2d"},
    {file = "black-22.10.0-1fixedarch-cp39-cp39-macosx_11_0_x86_64.whl", hash = "sha256:e41a86c6c650bcecc6633ee3180d80a025db041a8e2398dcc059b3afa8382cd4"},
    {file = "black-22.10.0-cp310-cp310-macosx_11_0_arm64.whl", hash = "sha256:2039230db3c6c639bd84efe3292ec7b06e9214a2992cd9beb293d639c6402edb"},
    {file = "black-22.10.0-cp310-cp310-manylinux_2_17_x86_64.manylinux2014_x86_64.whl", hash = "sha256:14ff67aec0a47c424bc99b71005202045dc09270da44a27848d534600ac64fc7"},
    {file = "black-22.10.0-cp310-cp310-win_amd64.whl", hash = "sha256:819dc789f4498ecc91438a7de64427c73b45035e2e3680c92e18795a839ebb66"},
    {file = "black-22.10.0-cp311-cp311-macosx_11_0_arm64.whl", hash = "sha256:5b9b29da4f564ba8787c119f37d174f2b69cdfdf9015b7d8c5c16121ddc054ae"},
    {file = "black-22.10.0-cp311-cp311-manylinux_2_17_x86_64.manylinux2014_x86_64.whl", hash = "sha256:b8b49776299fece66bffaafe357d929ca9451450f5466e997a7285ab0fe28e3b"},
    {file = "black-22.10.0-cp311-cp311-win_amd64.whl", hash = "sha256:21199526696b8f09c3997e2b4db8d0b108d801a348414264d2eb8eb2532e540d"},
    {file = "black-22.10.0-cp37-cp37m-manylinux_2_17_x86_64.manylinux2014_x86_64.whl", hash = "sha256:1e464456d24e23d11fced2bc8c47ef66d471f845c7b7a42f3bd77bf3d1789650"},
    {file = "black-22.10.0-cp37-cp37m-win_amd64.whl", hash = "sha256:9311e99228ae10023300ecac05be5a296f60d2fd10fff31cf5c1fa4ca4b1988d"},
    {file = "black-22.10.0-cp38-cp38-macosx_11_0_arm64.whl", hash = "sha256:fba8a281e570adafb79f7755ac8721b6cf1bbf691186a287e990c7929c7692ff"},
    {file = "black-22.10.0-cp38-cp38-manylinux_2_17_x86_64.manylinux2014_x86_64.whl", hash = "sha256:915ace4ff03fdfff953962fa672d44be269deb2eaf88499a0f8805221bc68c87"},
    {file = "black-22.10.0-cp38-cp38-win_amd64.whl", hash = "sha256:444ebfb4e441254e87bad00c661fe32df9969b2bf224373a448d8aca2132b395"},
    {file = "black-22.10.0-cp39-cp39-macosx_11_0_arm64.whl", hash = "sha256:974308c58d057a651d182208a484ce80a26dac0caef2895836a92dd6ebd725e0"},
    {file = "black-22.10.0-cp39-cp39-manylinux_2_17_x86_64.manylinux2014_x86_64.whl", hash = "sha256:72ef3925f30e12a184889aac03d77d031056860ccae8a1e519f6cbb742736383"},
    {file = "black-22.10.0-cp39-cp39-win_amd64.whl", hash = "sha256:432247333090c8c5366e69627ccb363bc58514ae3e63f7fc75c54b1ea80fa7de"},
    {file = "black-22.10.0-py3-none-any.whl", hash = "sha256:c957b2b4ea88587b46cf49d1dc17681c1e672864fd7af32fc1e9664d572b3458"},
    {file = "black-22.10.0.tar.gz", hash = "sha256:f513588da599943e0cde4e32cc9879e825d58720d6557062d1098c5ad80080e1"},
]
certifi = [
    {file = "certifi-2022.6.15-py3-none-any.whl", hash = "sha256:fe86415d55e84719d75f8b69414f6438ac3547d2078ab91b67e779ef69378412"},
    {file = "certifi-2022.6.15.tar.gz", hash = "sha256:84c85a9078b11105f04f3036a9482ae10e4621616db313fe045dd24743a0820d"},
]
charset-normalizer = [
    {file = "charset-normalizer-2.1.1.tar.gz", hash = "sha256:5a3d016c7c547f69d6f81fb0db9449ce888b418b5b9952cc5e6e66843e9dd845"},
    {file = "charset_normalizer-2.1.1-py3-none-any.whl", hash = "sha256:83e9a75d1911279afd89352c68b45348559d1fc0506b054b346651b5e7fee29f"},
]
click = [
    {file = "click-8.1.3-py3-none-any.whl", hash = "sha256:bb4d8133cb15a609f44e8213d9b391b0809795062913b383c62be0ee95b1db48"},
    {file = "click-8.1.3.tar.gz", hash = "sha256:7682dc8afb30297001674575ea00d1814d808d6a36af415a82bd481d37ba7b8e"},
]
colorama = [
    {file = "colorama-0.4.5-py2.py3-none-any.whl", hash = "sha256:854bf444933e37f5824ae7bfc1e98d5bce2ebe4160d46b5edf346a89358e99da"},
    {file = "colorama-0.4.5.tar.gz", hash = "sha256:e6c6b4334fc50988a639d9b98aa429a0b57da6e17b9a44f0451f930b6967b7a4"},
]
commonmark = [
    {file = "commonmark-0.9.1-py2.py3-none-any.whl", hash = "sha256:da2f38c92590f83de410ba1a3cbceafbc74fee9def35f9251ba9a971d6d66fd9"},
    {file = "commonmark-0.9.1.tar.gz", hash = "sha256:452f9dc859be7f06631ddcb328b6919c67984aca654e5fefb3914d54691aed60"},
]
construct = [
    {file = "construct-2.10.68.tar.gz", hash = "sha256:7b2a3fd8e5f597a5aa1d614c3bd516fa065db01704c72a1efaaeec6ef23d8b45"},
]
deepmerge = [
    {file = "deepmerge-1.0.1-py3-none-any.whl", hash = "sha256:f851fff957697cb8f4580b465acf5c2d35841695306ff0abb9cb9c273ad76112"},
    {file = "deepmerge-1.0.1.tar.gz", hash = "sha256:4b44779ed3d2fb791bb181fc2683423496fea428abb7af37feb23286de7f0a1a"},
]
grpcio = [
    {file = "grpcio-1.48.1-cp310-cp310-linux_armv7l.whl", hash = "sha256:19f9c021ae858d3ef6d5ec4c0acf3f0b0a61e599e5aa36c36943c209520a0e66"},
    {file = "grpcio-1.48.1-cp310-cp310-macosx_10_10_x86_64.whl", hash = "sha256:b0fa666fecdb1b118d37823937e9237afa17fe734fc4dbe6dd642e1e4cca0246"},
    {file = "grpcio-1.48.1-cp310-cp310-manylinux_2_17_aarch64.whl", hash = "sha256:a661d4b9b314327dec1e92ed57e591e8e5eb055700e0ba9e9687f734d922dcb6"},
    {file = "grpcio-1.48.1-cp310-cp310-manylinux_2_17_i686.manylinux2014_i686.whl", hash = "sha256:598c8c42420443c55431eba1821c7a2f72707f1ff674a4de9e0bb03282923cfb"},
    {file = "grpcio-1.48.1-cp310-cp310-manylinux_2_17_x86_64.manylinux2014_x86_64.whl", hash = "sha256:1c924d4e0493fd536ba3b82584b370e8b3c809ef341f9f828cff2dc3c761b3ab"},
    {file = "grpcio-1.48.1-cp310-cp310-musllinux_1_1_i686.whl", hash = "sha256:a5edbcb8289681fcb5ded7542f2b7dd456489e83007a95e32fcaf55e9f18603e"},
    {file = "grpcio-1.48.1-cp310-cp310-musllinux_1_1_x86_64.whl", hash = "sha256:9d116106cf220c79e91595523c893f1cf09ec0c2ea49de4fb82152528b7e6833"},
    {file = "grpcio-1.48.1-cp310-cp310-win32.whl", hash = "sha256:5d81cd3c161291339ed3b469250c2f5013c3083dea7796e93aedff8f05fdcec1"},
    {file = "grpcio-1.48.1-cp310-cp310-win_amd64.whl", hash = "sha256:d751f8beb383c4a5a95625d7ccc1ab183b98b02c6a88924814ea7fbff530872d"},
    {file = "grpcio-1.48.1-cp36-cp36m-linux_armv7l.whl", hash = "sha256:1471e6f25a8e47d9f88499f48c565fc5b2876e8ee91bfb0ff33eaadd188b7ea6"},
    {file = "grpcio-1.48.1-cp36-cp36m-macosx_10_10_x86_64.whl", hash = "sha256:9fba1d0ba7cf56811728f1951c800a9aca6677e86433c5e353f2cc2c4039fda6"},
    {file = "grpcio-1.48.1-cp36-cp36m-manylinux_2_17_aarch64.whl", hash = "sha256:f3a99ed422c38bd1bc893cb2cb2cea6d64173ec30927f699e95f5f58bdf625cf"},
    {file = "grpcio-1.48.1-cp36-cp36m-manylinux_2_17_i686.manylinux2014_i686.whl", hash = "sha256:b005502c59835f9ba3c3f8742f64c19eeb3db41eae1a89b035a559b39b421803"},
    {file = "grpcio-1.48.1-cp36-cp36m-manylinux_2_17_x86_64.manylinux2014_x86_64.whl", hash = "sha256:f0ef1dafb4eadeaca58aec8c721a5a73d551064b0c63d57fa003e233277c642e"},
    {file = "grpcio-1.48.1-cp36-cp36m-musllinux_1_1_i686.whl", hash = "sha256:9477967e605ba08715dcc769b5ee0f0d8b22bda40ef25a0df5a8759e5a4d21a5"},
    {file = "grpcio-1.48.1-cp36-cp36m-musllinux_1_1_x86_64.whl", hash = "sha256:dbba883c2b6d63949bc98ab1950bc22cf7c8d4e8cb68de6edde49d3cccd8fd26"},
    {file = "grpcio-1.48.1-cp36-cp36m-win32.whl", hash = "sha256:8bbaa6647986b874891bc682a1093df54cbdb073b5d4b844a2b480c47c7ffafd"},
    {file = "grpcio-1.48.1-cp36-cp36m-win_amd64.whl", hash = "sha256:e02f6ba10a3d4e289fa7ae91b301783a750d118b60f17924ca05e506c7d29bc8"},
    {file = "grpcio-1.48.1-cp37-cp37m-linux_armv7l.whl", hash = "sha256:97dc35a99c61d5f35ec6457d3df0a4695ba9bb04a35686e1c254462b15c53f98"},
    {file = "grpcio-1.48.1-cp37-cp37m-macosx_10_10_x86_64.whl", hash = "sha256:ca382028cdfd2d79b7704b2acb8ae1fb54e9e1a03a6765e1895ba89a6fcfaba1"},
    {file = "grpcio-1.48.1-cp37-cp37m-manylinux_2_17_aarch64.whl", hash = "sha256:3d319a0c89ffac9b8dfc75bfe727a4c835d18bbccc14203b20eb5949c6c7d87d"},
    {file = "grpcio-1.48.1-cp37-cp37m-manylinux_2_17_i686.manylinux2014_i686.whl", hash = "sha256:a1b81849061c67c2ffaa6ed27aa3d9b0762e71e68e784e24b0330b7b1c67470a"},
    {file = "grpcio-1.48.1-cp37-cp37m-manylinux_2_17_x86_64.manylinux2014_x86_64.whl", hash = "sha256:1ff1be0474846ed15682843b187e6062f845ddfeaceb2b28972073f474f7b735"},
    {file = "grpcio-1.48.1-cp37-cp37m-musllinux_1_1_i686.whl", hash = "sha256:53b6306f9473020bc47ddf64ca704356466e63d5f88f5c2a7bf0a4692e7f03c4"},
    {file = "grpcio-1.48.1-cp37-cp37m-musllinux_1_1_x86_64.whl", hash = "sha256:dad2501603f954f222a6e555413c454a5f8d763ab910fbab3855bcdfef6b3148"},
    {file = "grpcio-1.48.1-cp37-cp37m-win32.whl", hash = "sha256:4786323555a9f2c6380cd9a9922bcfd42165a51d68d242eebfcdfdc667651c96"},
    {file = "grpcio-1.48.1-cp37-cp37m-win_amd64.whl", hash = "sha256:934aad7350d9577f4275e787f3d91d3c8ff4efffa8d6b807d343d3c891ff53eb"},
    {file = "grpcio-1.48.1-cp38-cp38-linux_armv7l.whl", hash = "sha256:2563357697f5f2d7fd80c1b07a57ef4736551327ad84de604e7b9f6c1b6b4e20"},
    {file = "grpcio-1.48.1-cp38-cp38-macosx_10_10_x86_64.whl", hash = "sha256:1d065f40fe74b52b88a6c42d4373a0983f1b0090f952a0747f34f2c11d6cbc64"},
    {file = "grpcio-1.48.1-cp38-cp38-manylinux_2_17_aarch64.whl", hash = "sha256:3340cb2224cc397954def015729391d85fb31135b5a7efca363e73e6f1b0e908"},
    {file = "grpcio-1.48.1-cp38-cp38-manylinux_2_17_i686.manylinux2014_i686.whl", hash = "sha256:d03009a26f7edca9f0a581aa5d3153242b815b858cb4790e34a955afb303c6ba"},
    {file = "grpcio-1.48.1-cp38-cp38-manylinux_2_17_x86_64.manylinux2014_x86_64.whl", hash = "sha256:53fa2fc1a1713195fa7acf7443a6f59b6ac7837607690f813c66cc18a9cb8135"},
    {file = "grpcio-1.48.1-cp38-cp38-musllinux_1_1_i686.whl", hash = "sha256:5a6a750c8324f3974e95265d3f9a0541573c537af1f67b3f6f46bf9c0b2e1b36"},
    {file = "grpcio-1.48.1-cp38-cp38-musllinux_1_1_x86_64.whl", hash = "sha256:626822d799d8fab08f07c8d95ef5c36213d24143f7cad3f548e97413db9f4110"},
    {file = "grpcio-1.48.1-cp38-cp38-win32.whl", hash = "sha256:ca5209ef89f7607be47a308fa92308cf079805ed556ecda672f00039a26e366f"},
    {file = "grpcio-1.48.1-cp38-cp38-win_amd64.whl", hash = "sha256:7cee20a4f873d61274d70c28ff63d19677d9eeea869c6a9cbaf3a00712336b6c"},
    {file = "grpcio-1.48.1-cp39-cp39-linux_armv7l.whl", hash = "sha256:460f5bec23fffa3c041aeba1f93a0f06b7a29e6a4da3658a52e1a866494920ab"},
    {file = "grpcio-1.48.1-cp39-cp39-macosx_10_10_x86_64.whl", hash = "sha256:c54734a6eb3be544d332e65c846236d02e5fc71325e8c53af91e83a46b87b506"},
    {file = "grpcio-1.48.1-cp39-cp39-manylinux_2_17_aarch64.whl", hash = "sha256:c6b6969c529521c86884a13745a4b68930db1ef2e051735c0f479d0a7adb25b6"},
    {file = "grpcio-1.48.1-cp39-cp39-manylinux_2_17_i686.manylinux2014_i686.whl", hash = "sha256:346bef672a1536d59437210f16af35389d715d2b321bfe4899b3d6476a196706"},
    {file = "grpcio-1.48.1-cp39-cp39-manylinux_2_17_x86_64.manylinux2014_x86_64.whl", hash = "sha256:f29627d66ae816837fd32c9450dc9c54780962cd74d034513ed829ba3ab46652"},
    {file = "grpcio-1.48.1-cp39-cp39-musllinux_1_1_i686.whl", hash = "sha256:b01faf7934c606d5050cf055c1d03943180f23d995d68d04cf50c80d1ef2c65a"},
    {file = "grpcio-1.48.1-cp39-cp39-musllinux_1_1_x86_64.whl", hash = "sha256:741eeff39a26d26da2b6d74ff0559f882ee95ee4e3b20c0b4b829021cb917f96"},
    {file = "grpcio-1.48.1-cp39-cp39-win32.whl", hash = "sha256:a15409bc1d05c52ecb00f5e42ab8ff280e7149f2eb854728f628fb2a0a161a5b"},
    {file = "grpcio-1.48.1-cp39-cp39-win_amd64.whl", hash = "sha256:2b6c336409937fd1cd2bf78eb72651f44d292d88da5e63059a4e8bd01b9d7411"},
    {file = "grpcio-1.48.1.tar.gz", hash = "sha256:660217eccd2943bf23ea9a36e2a292024305aec04bf747fbcff1f5032b83610e"},
]
gtfs-realtime-bindings = [
    {file = "gtfs-realtime-bindings-0.0.7.zip", hash = "sha256:8534cee8d2ec9d5bfa5ff1276b5ef3b990412f5f028899098977de67a03a5bed"},
]
idna = [
    {file = "idna-3.3-py3-none-any.whl", hash = "sha256:84d9dd047ffa80596e0f246e2eab0b391788b0503584e8945f2368256d2735ff"},
    {file = "idna-3.3.tar.gz", hash = "sha256:9d643ff0a55b762d5cdb124b8eaa99c66322e2157b69160bc32796e824360e6d"},
]
iniconfig = [
    {file = "iniconfig-1.1.1-py2.py3-none-any.whl", hash = "sha256:011e24c64b7f47f6ebd835bb12a743f2fbe9a26d4cecaa7f53bc4f35ee9da8b3"},
    {file = "iniconfig-1.1.1.tar.gz", hash = "sha256:bc3af051d7d14b2ee5ef9969666def0cd1a000e121eaea580d4a313df4b37f32"},
]
mypy-extensions = [
    {file = "mypy_extensions-0.4.3-py2.py3-none-any.whl", hash = "sha256:090fedd75945a69ae91ce1303b5824f428daf5a028d2f6ab8a299250a846f15d"},
    {file = "mypy_extensions-0.4.3.tar.gz", hash = "sha256:2d82818f5bb3e369420cb3c4060a7970edba416647068eb4c5343488a6c604a8"},
]
packaging = [
    {file = "packaging-21.3-py3-none-any.whl", hash = "sha256:ef103e05f519cdc783ae24ea4e2e0f508a9c99b2d4969652eed6a2e1ea5bd522"},
    {file = "packaging-21.3.tar.gz", hash = "sha256:dd47c42927d89ab911e606518907cc2d3a1f38bbd026385970643f9c5b8ecfeb"},
]
pathspec = [
    {file = "pathspec-0.10.2-py3-none-any.whl", hash = "sha256:88c2606f2c1e818b978540f73ecc908e13999c6c3a383daf3705652ae79807a5"},
    {file = "pathspec-0.10.2.tar.gz", hash = "sha256:8f6bf73e5758fd365ef5d58ce09ac7c27d2833a8d7da51712eac6e27e35141b0"},
]
persist-queue = [
    {file = "persist-queue-0.8.0.tar.gz", hash = "sha256:bdaa4dcfc4b20a9ce1f5cb6da3116b6cb8fe37527d991fd242856ef2cccd218e"},
    {file = "persist_queue-0.8.0-py2.py3-none-any.whl", hash = "sha256:d0ce1798b457fc233973efe7c262eb5e80642bebe0c05abbe5611ee223511d5f"},
]
platformdirs = [
    {file = "platformdirs-2.5.4-py3-none-any.whl", hash = "sha256:af0276409f9a02373d540bf8480021a048711d572745aef4b7842dad245eba10"},
    {file = "platformdirs-2.5.4.tar.gz", hash = "sha256:1006647646d80f16130f052404c6b901e80ee4ed6bef6792e1f238a8969106f7"},
]
pluggy = [
    {file = "pluggy-1.0.0-py2.py3-none-any.whl", hash = "sha256:74134bbf457f031a36d68416e1509f34bd5ccc019f0bcc952c7b909d06b37bd3"},
    {file = "pluggy-1.0.0.tar.gz", hash = "sha256:4224373bacce55f955a878bf9cfa763c1e360858e330072059e10bad68531159"},
]
protobuf = [
    {file = "protobuf-4.21.5-cp310-abi3-win32.whl", hash = "sha256:5310cbe761e87f0c1decce019d23f2101521d4dfff46034f8a12a53546036ec7"},
    {file = "protobuf-4.21.5-cp310-abi3-win_amd64.whl", hash = "sha256:e5c5a2886ae48d22a9d32fbb9b6636a089af3cd26b706750258ce1ca96cc0116"},
    {file = "protobuf-4.21.5-cp37-abi3-macosx_10_9_universal2.whl", hash = "sha256:ee04f5823ed98bb9a8c3b1dc503c49515e0172650875c3f76e225b223793a1f2"},
    {file = "protobuf-4.21.5-cp37-abi3-manylinux2014_aarch64.whl", hash = "sha256:b04484d6f42f48c57dd2737a72692f4c6987529cdd148fb5b8e5f616862a2e37"},
    {file = "protobuf-4.21.5-cp37-abi3-manylinux2014_x86_64.whl", hash = "sha256:5e0b272217aad8971763960238c1a1e6a65d50ef7824e23300da97569a251c55"},
    {file = "protobuf-4.21.5-cp37-cp37m-win32.whl", hash = "sha256:5eb0724615e90075f1d763983e708e1cef08e66b1891d8b8b6c33bc3b2f1a02b"},
    {file = "protobuf-4.21.5-cp37-cp37m-win_amd64.whl", hash = "sha256:011c0f267e85f5d73750b6c25f0155d5db1e9443cd3590ab669a6221dd8fcdb0"},
    {file = "protobuf-4.21.5-cp38-cp38-win32.whl", hash = "sha256:7b6f22463e2d1053d03058b7b4ceca6e4ed4c14f8c286c32824df751137bf8e7"},
    {file = "protobuf-4.21.5-cp38-cp38-win_amd64.whl", hash = "sha256:b52e7a522911a40445a5f588bd5b5e584291bfc5545e09b7060685e4b2ff814f"},
    {file = "protobuf-4.21.5-cp39-cp39-win32.whl", hash = "sha256:a7faa62b183d6a928e3daffd06af843b4287d16ef6e40f331575ecd236a7974d"},
    {file = "protobuf-4.21.5-cp39-cp39-win_amd64.whl", hash = "sha256:5e0ce02418ef03d7657a420ae8fd6fec4995ac713a3cb09164e95f694dbcf085"},
    {file = "protobuf-4.21.5-py2.py3-none-any.whl", hash = "sha256:bf711b451212dc5b0fa45ae7dada07d8e71a4b0ff0bc8e4783ee145f47ac4f82"},
    {file = "protobuf-4.21.5-py3-none-any.whl", hash = "sha256:3ec6f5b37935406bb9df9b277e79f8ed81d697146e07ef2ba8a5a272fb24b2c9"},
    {file = "protobuf-4.21.5.tar.gz", hash = "sha256:eb1106e87e095628e96884a877a51cdb90087106ee693925ec0a300468a9be3a"},
]
py = [
    {file = "py-1.11.0-py2.py3-none-any.whl", hash = "sha256:607c53218732647dff4acdfcd50cb62615cedf612e72d1724fb1a0cc6405b378"},
    {file = "py-1.11.0.tar.gz", hash = "sha256:51c75c4126074b472f746a24399ad32f6053d1b34b68d2fa41e558e6f4a98719"},
]
pyftdi = [
    {file = "pyftdi-0.13.4.tar.gz", hash = "sha256:8703304a6f6cd7d0a713ba3e2d38a73cc924340221d808df6fa05ebf025ee9a1"},
]
pygments = [
    {file = "Pygments-2.13.0-py3-none-any.whl", hash = "sha256:f643f331ab57ba3c9d89212ee4a2dabc6e94f117cf4eefde99a0574720d14c42"},
    {file = "Pygments-2.13.0.tar.gz", hash = "sha256:56a8508ae95f98e2b9bdf93a6be5ae3f7d8af858b43e02c5a2ff083726be40c1"},
]
pylibftdi = [
    {file = "pylibftdi-0.20.0-py2.py3-none-any.whl", hash = "sha256:94226345e419c52741d304b1db6adb7409b19b769220b71f75ade14d4f847854"},
    {file = "pylibftdi-0.20.0.tar.gz", hash = "sha256:f4a87fc4af2c9c7d42badd4192ca9b529f32c9d96fdc8daea7e29c509226df5f"},
]
pyparsing = [
    {file = "pyparsing-3.0.9-py3-none-any.whl", hash = "sha256:5026bae9a10eeaefb61dab2f09052b9f4307d44aee4eda64b309723d8d206bbc"},
    {file = "pyparsing-3.0.9.tar.gz", hash = "sha256:2b020ecf7d21b687f219b71ecad3631f644a47f01403fa1d1036b0c6416d70fb"},
]
pyserial = [
    {file = "pyserial-3.5-py2.py3-none-any.whl", hash = "sha256:c4451db6ba391ca6ca299fb3ec7bae67a5c55dde170964c7a14ceefec02f2cf0"},
    {file = "pyserial-3.5.tar.gz", hash = "sha256:3c77e014170dfffbd816e6ffc205e9842efb10be9f58ec16d3e8675b4925cddb"},
]
pytest = [
    {file = "pytest-7.1.3-py3-none-any.whl", hash = "sha256:1377bda3466d70b55e3f5cecfa55bb7cfcf219c7964629b967c37cf0bda818b7"},
    {file = "pytest-7.1.3.tar.gz", hash = "sha256:4f365fec2dff9c1162f834d9f18af1ba13062db0c708bf7b946f8a5c76180c39"},
]
pyusb = [
    {file = "pyusb-1.2.1-py3-none-any.whl", hash = "sha256:2b4c7cb86dbadf044dfb9d3a4ff69fd217013dbe78a792177a3feb172449ea36"},
    {file = "pyusb-1.2.1.tar.gz", hash = "sha256:a4cc7404a203144754164b8b40994e2849fde1cfff06b08492f12fff9d9de7b9"},
]
requests = [
    {file = "requests-2.28.1-py3-none-any.whl", hash = "sha256:8fefa2a1a1365bf5520aac41836fbee479da67864514bdb821f31ce07ce65349"},
    {file = "requests-2.28.1.tar.gz", hash = "sha256:7c5599b102feddaa661c826c56ab4fee28bfd17f5abca1ebbe3e7f19d7c97983"},
]
rich = [
    {file = "rich-12.5.1-py3-none-any.whl", hash = "sha256:2eb4e6894cde1e017976d2975ac210ef515d7548bc595ba20e195fb9628acdeb"},
    {file = "rich-12.5.1.tar.gz", hash = "sha256:63a5c5ce3673d3d5fbbf23cd87e11ab84b6b451436f1b7f19ec54b6bc36ed7ca"},
]
sbp = [
    {file = "sbp-4.9.0-py2.py3-none-any.whl", hash = "sha256:1816606bce04bdf184918ec749d442292c0467112f4ba66eea0f10cb08d5656e"},
    {file = "sbp-4.9.0.tar.gz", hash = "sha256:66b3b58465344ea3bf7865cd8f83ddb4a191bdca054304af3c8880e99fbcf377"},
]
setuptools = [
    {file = "setuptools-65.6.3-py3-none-any.whl", hash = "sha256:57f6f22bde4e042978bcd50176fdb381d7c21a9efa4041202288d3737a0c6a54"},
    {file = "setuptools-65.6.3.tar.gz", hash = "sha256:a7620757bf984b58deaf32fc8a4577a9bbc0850cf92c20e1ce41c38c19e5fb75"},
]
shellingham = [
    {file = "shellingham-1.5.0-py2.py3-none-any.whl", hash = "sha256:a8f02ba61b69baaa13facdba62908ca8690a94b8119b69f5ec5873ea85f7391b"},
    {file = "shellingham-1.5.0.tar.gz", hash = "sha256:72fb7f5c63103ca2cb91b23dee0c71fe8ad6fbfd46418ef17dbe40db51592dad"},
]
six = [
    {file = "six-1.16.0-py2.py3-none-any.whl", hash = "sha256:8abb2f1d86890a2dfb989f9a77cfcfd3e47c2a354b01111771326f8aa26e0254"},
    {file = "six-1.16.0.tar.gz", hash = "sha256:1e61c37477a1626458e36f7b1d82aa5c9b094fa4802892072e49de9c60c4c926"},
]
tomli = [
    {file = "tomli-2.0.1-py3-none-any.whl", hash = "sha256:939de3e7a6161af0c887ef91b7d41a53e7c5a1ca976325f429cb46ea9bc30ecc"},
    {file = "tomli-2.0.1.tar.gz", hash = "sha256:de526c12914f0c550d15924c62d72abc48d6fe7364aa87328337a31007fe8a4f"},
]
tomlkit = [
    {file = "tomlkit-0.11.4-py3-none-any.whl", hash = "sha256:25d4e2e446c453be6360c67ddfb88838cfc42026322770ba13d1fbd403a93a5c"},
    {file = "tomlkit-0.11.4.tar.gz", hash = "sha256:3235a9010fae54323e727c3ac06fb720752fe6635b3426e379daec60fbd44a83"},
]
typer = [
    {file = "typer-0.6.1-py3-none-any.whl", hash = "sha256:54b19e5df18654070a82f8c2aa1da456a4ac16a2a83e6dcd9f170e291c56338e"},
    {file = "typer-0.6.1.tar.gz", hash = "sha256:2d5720a5e63f73eaf31edaa15f6ab87f35f0690f8ca233017d7d23d743a91d73"},
]
urllib3 = [
    {file = "urllib3-1.26.12-py2.py3-none-any.whl", hash = "sha256:b930dd878d5a8afb066a637fbb35144fe7901e3b209d1cd4f524bd0e9deee997"},
    {file = "urllib3-1.26.12.tar.gz", hash = "sha256:3fa96cf423e6987997fc326ae8df396db2a8b7c667747d47ddd8ecba91f4a74e"},
]
